// !$*UTF8*$!
{
	archiveVersion = 1;
	classes = {
	};
	objectVersion = 55;
	objects = {

/* Begin PBXBuildFile section */
		5C7DE542285477DD00F75036 /* NavigationApp.swift in Sources */ = {isa = PBXBuildFile; fileRef = 5C7DE532285477DC00F75036 /* NavigationApp.swift */; };
		5C7DE543285477DD00F75036 /* NavigationApp.swift in Sources */ = {isa = PBXBuildFile; fileRef = 5C7DE532285477DC00F75036 /* NavigationApp.swift */; };
		5C7DE546285477DD00F75036 /* Assets.xcassets in Resources */ = {isa = PBXBuildFile; fileRef = 5C7DE534285477DD00F75036 /* Assets.xcassets */; };
		5C7DE547285477DD00F75036 /* Assets.xcassets in Resources */ = {isa = PBXBuildFile; fileRef = 5C7DE534285477DD00F75036 /* Assets.xcassets */; };
		5C7DE5682854785100F75036 /* Model.swift in Sources */ = {isa = PBXBuildFile; fileRef = 5C7DE5502854785100F75036 /* Model.swift */; };
		5C7DE5692854785100F75036 /* Model.swift in Sources */ = {isa = PBXBuildFile; fileRef = 5C7DE5502854785100F75036 /* Model.swift */; };
		5C7DE56A2854785100F75036 /* Options.swift in Sources */ = {isa = PBXBuildFile; fileRef = 5C7DE5522854785100F75036 /* Options.swift */; };
		5C7DE56B2854785100F75036 /* Options.swift in Sources */ = {isa = PBXBuildFile; fileRef = 5C7DE5522854785100F75036 /* Options.swift */; };
		5C7DE56C2854785100F75036 /* MetalView.swift in Sources */ = {isa = PBXBuildFile; fileRef = 5C7DE5532854785100F75036 /* MetalView.swift */; };
		5C7DE56D2854785100F75036 /* MetalView.swift in Sources */ = {isa = PBXBuildFile; fileRef = 5C7DE5532854785100F75036 /* MetalView.swift */; };
		5C7DE56E2854785100F75036 /* ContentView.swift in Sources */ = {isa = PBXBuildFile; fileRef = 5C7DE5542854785100F75036 /* ContentView.swift */; };
		5C7DE56F2854785100F75036 /* ContentView.swift in Sources */ = {isa = PBXBuildFile; fileRef = 5C7DE5542854785100F75036 /* ContentView.swift */; };
		5C7DE5702854785100F75036 /* TextureController.swift in Sources */ = {isa = PBXBuildFile; fileRef = 5C7DE5552854785100F75036 /* TextureController.swift */; };
		5C7DE5712854785100F75036 /* TextureController.swift in Sources */ = {isa = PBXBuildFile; fileRef = 5C7DE5552854785100F75036 /* TextureController.swift */; };
		5C7DE5722854785100F75036 /* Transform.swift in Sources */ = {isa = PBXBuildFile; fileRef = 5C7DE5562854785100F75036 /* Transform.swift */; };
		5C7DE5732854785100F75036 /* Transform.swift in Sources */ = {isa = PBXBuildFile; fileRef = 5C7DE5562854785100F75036 /* Transform.swift */; };
		5C7DE5742854785100F75036 /* VertexDescriptor.swift in Sources */ = {isa = PBXBuildFile; fileRef = 5C7DE5572854785100F75036 /* VertexDescriptor.swift */; };
		5C7DE5752854785100F75036 /* VertexDescriptor.swift in Sources */ = {isa = PBXBuildFile; fileRef = 5C7DE5572854785100F75036 /* VertexDescriptor.swift */; };
		5C7DE5762854785100F75036 /* plane.obj in Resources */ = {isa = PBXBuildFile; fileRef = 5C7DE55A2854785100F75036 /* plane.obj */; };
		5C7DE5772854785100F75036 /* plane.obj in Resources */ = {isa = PBXBuildFile; fileRef = 5C7DE55A2854785100F75036 /* plane.obj */; };
		5C7DE5782854785100F75036 /* plane.mtl in Resources */ = {isa = PBXBuildFile; fileRef = 5C7DE55B2854785100F75036 /* plane.mtl */; };
		5C7DE5792854785100F75036 /* plane.mtl in Resources */ = {isa = PBXBuildFile; fileRef = 5C7DE55B2854785100F75036 /* plane.mtl */; };
		5C7DE57A2854785100F75036 /* lowpoly-house.obj in Resources */ = {isa = PBXBuildFile; fileRef = 5C7DE55D2854785100F75036 /* lowpoly-house.obj */; };
		5C7DE57B2854785100F75036 /* lowpoly-house.obj in Resources */ = {isa = PBXBuildFile; fileRef = 5C7DE55D2854785100F75036 /* lowpoly-house.obj */; };
		5C7DE57C2854785100F75036 /* lowpoly-house.mtl in Resources */ = {isa = PBXBuildFile; fileRef = 5C7DE55E2854785100F75036 /* lowpoly-house.mtl */; };
		5C7DE57D2854785100F75036 /* lowpoly-house.mtl in Resources */ = {isa = PBXBuildFile; fileRef = 5C7DE55E2854785100F75036 /* lowpoly-house.mtl */; };
		5C7DE57E2854785100F75036 /* Renderer.swift in Sources */ = {isa = PBXBuildFile; fileRef = 5C7DE55F2854785100F75036 /* Renderer.swift */; };
		5C7DE57F2854785100F75036 /* Renderer.swift in Sources */ = {isa = PBXBuildFile; fileRef = 5C7DE55F2854785100F75036 /* Renderer.swift */; };
		5C7DE5802854785100F75036 /* Shaders.metal in Sources */ = {isa = PBXBuildFile; fileRef = 5C7DE5602854785100F75036 /* Shaders.metal */; };
		5C7DE5812854785100F75036 /* Shaders.metal in Sources */ = {isa = PBXBuildFile; fileRef = 5C7DE5602854785100F75036 /* Shaders.metal */; };
		5C7DE5822854785100F75036 /* Mesh.swift in Sources */ = {isa = PBXBuildFile; fileRef = 5C7DE5612854785100F75036 /* Mesh.swift */; };
		5C7DE5832854785100F75036 /* Mesh.swift in Sources */ = {isa = PBXBuildFile; fileRef = 5C7DE5612854785100F75036 /* Mesh.swift */; };
		5C7DE5842854785100F75036 /* Submesh.swift in Sources */ = {isa = PBXBuildFile; fileRef = 5C7DE5622854785100F75036 /* Submesh.swift */; };
		5C7DE5852854785100F75036 /* Submesh.swift in Sources */ = {isa = PBXBuildFile; fileRef = 5C7DE5622854785100F75036 /* Submesh.swift */; };
		5C7DE5862854785100F75036 /* Textures.xcassets in Resources */ = {isa = PBXBuildFile; fileRef = 5C7DE5632854785100F75036 /* Textures.xcassets */; };
		5C7DE5872854785100F75036 /* Textures.xcassets in Resources */ = {isa = PBXBuildFile; fileRef = 5C7DE5632854785100F75036 /* Textures.xcassets */; };
		5C7DE5882854785100F75036 /* MathLibrary.swift in Sources */ = {isa = PBXBuildFile; fileRef = 5C7DE5662854785100F75036 /* MathLibrary.swift */; };
		5C7DE5892854785100F75036 /* MathLibrary.swift in Sources */ = {isa = PBXBuildFile; fileRef = 5C7DE5662854785100F75036 /* MathLibrary.swift */; };
		5C7DE58D28547DB500F75036 /* Scene.swift in Sources */ = {isa = PBXBuildFile; fileRef = 5C7DE58C28547DB500F75036 /* Scene.swift */; };
		5C7DE58E28547DB500F75036 /* Scene.swift in Sources */ = {isa = PBXBuildFile; fileRef = 5C7DE58C28547DB500F75036 /* Scene.swift */; };
		5C7DE5902854CA3700F75036 /* Camera.swift in Sources */ = {isa = PBXBuildFile; fileRef = 5C7DE58F2854CA3700F75036 /* Camera.swift */; };
		5C7DE5912854CA3700F75036 /* Camera.swift in Sources */ = {isa = PBXBuildFile; fileRef = 5C7DE58F2854CA3700F75036 /* Camera.swift */; };
		5C7DE593285647F300F75036 /* InputController.swift in Sources */ = {isa = PBXBuildFile; fileRef = 5C7DE592285647F300F75036 /* InputController.swift */; };
		5C7DE594285647F300F75036 /* InputController.swift in Sources */ = {isa = PBXBuildFile; fileRef = 5C7DE592285647F300F75036 /* InputController.swift */; };
		5C7DE59A2856E25600F75036 /* Movement.swift in Sources */ = {isa = PBXBuildFile; fileRef = 5C7DE5992856E25600F75036 /* Movement.swift */; };
		5C7DE59B2856E25600F75036 /* Movement.swift in Sources */ = {isa = PBXBuildFile; fileRef = 5C7DE5992856E25600F75036 /* Movement.swift */; };
/* End PBXBuildFile section */

/* Begin PBXFileReference section */
		5C7DE532285477DC00F75036 /* NavigationApp.swift */ = {isa = PBXFileReference; lastKnownFileType = sourcecode.swift; path = NavigationApp.swift; sourceTree = "<group>"; };
		5C7DE534285477DD00F75036 /* Assets.xcassets */ = {isa = PBXFileReference; lastKnownFileType = folder.assetcatalog; path = Assets.xcassets; sourceTree = "<group>"; };
		5C7DE539285477DD00F75036 /* Navigation.app */ = {isa = PBXFileReference; explicitFileType = wrapper.application; includeInIndex = 0; path = Navigation.app; sourceTree = BUILT_PRODUCTS_DIR; };
		5C7DE53F285477DD00F75036 /* Navigation.app */ = {isa = PBXFileReference; explicitFileType = wrapper.application; includeInIndex = 0; path = Navigation.app; sourceTree = BUILT_PRODUCTS_DIR; };
		5C7DE541285477DD00F75036 /* macOS.entitlements */ = {isa = PBXFileReference; lastKnownFileType = text.plist.entitlements; path = macOS.entitlements; sourceTree = "<group>"; };
		5C7DE5502854785100F75036 /* Model.swift */ = {isa = PBXFileReference; fileEncoding = 4; lastKnownFileType = sourcecode.swift; path = Model.swift; sourceTree = "<group>"; };
		5C7DE5522854785100F75036 /* Options.swift */ = {isa = PBXFileReference; fileEncoding = 4; lastKnownFileType = sourcecode.swift; path = Options.swift; sourceTree = "<group>"; };
		5C7DE5532854785100F75036 /* MetalView.swift */ = {isa = PBXFileReference; fileEncoding = 4; lastKnownFileType = sourcecode.swift; path = MetalView.swift; sourceTree = "<group>"; };
		5C7DE5542854785100F75036 /* ContentView.swift */ = {isa = PBXFileReference; fileEncoding = 4; lastKnownFileType = sourcecode.swift; path = ContentView.swift; sourceTree = "<group>"; };
		5C7DE5552854785100F75036 /* TextureController.swift */ = {isa = PBXFileReference; fileEncoding = 4; lastKnownFileType = sourcecode.swift; path = TextureController.swift; sourceTree = "<group>"; };
		5C7DE5562854785100F75036 /* Transform.swift */ = {isa = PBXFileReference; fileEncoding = 4; lastKnownFileType = sourcecode.swift; path = Transform.swift; sourceTree = "<group>"; };
		5C7DE5572854785100F75036 /* VertexDescriptor.swift */ = {isa = PBXFileReference; fileEncoding = 4; lastKnownFileType = sourcecode.swift; path = VertexDescriptor.swift; sourceTree = "<group>"; };
		5C7DE55A2854785100F75036 /* plane.obj */ = {isa = PBXFileReference; fileEncoding = 4; lastKnownFileType = text; path = plane.obj; sourceTree = "<group>"; };
		5C7DE55B2854785100F75036 /* plane.mtl */ = {isa = PBXFileReference; fileEncoding = 4; lastKnownFileType = text; path = plane.mtl; sourceTree = "<group>"; };
		5C7DE55D2854785100F75036 /* lowpoly-house.obj */ = {isa = PBXFileReference; fileEncoding = 4; lastKnownFileType = text; path = "lowpoly-house.obj"; sourceTree = "<group>"; };
		5C7DE55E2854785100F75036 /* lowpoly-house.mtl */ = {isa = PBXFileReference; fileEncoding = 4; lastKnownFileType = text; path = "lowpoly-house.mtl"; sourceTree = "<group>"; };
		5C7DE55F2854785100F75036 /* Renderer.swift */ = {isa = PBXFileReference; fileEncoding = 4; lastKnownFileType = sourcecode.swift; path = Renderer.swift; sourceTree = "<group>"; };
		5C7DE5602854785100F75036 /* Shaders.metal */ = {isa = PBXFileReference; fileEncoding = 4; lastKnownFileType = sourcecode.metal; path = Shaders.metal; sourceTree = "<group>"; };
		5C7DE5612854785100F75036 /* Mesh.swift */ = {isa = PBXFileReference; fileEncoding = 4; lastKnownFileType = sourcecode.swift; path = Mesh.swift; sourceTree = "<group>"; };
		5C7DE5622854785100F75036 /* Submesh.swift */ = {isa = PBXFileReference; fileEncoding = 4; lastKnownFileType = sourcecode.swift; path = Submesh.swift; sourceTree = "<group>"; };
		5C7DE5632854785100F75036 /* Textures.xcassets */ = {isa = PBXFileReference; lastKnownFileType = folder.assetcatalog; path = Textures.xcassets; sourceTree = "<group>"; };
		5C7DE5642854785100F75036 /* Common.h */ = {isa = PBXFileReference; fileEncoding = 4; lastKnownFileType = sourcecode.c.h; path = Common.h; sourceTree = "<group>"; };
		5C7DE5662854785100F75036 /* MathLibrary.swift */ = {isa = PBXFileReference; fileEncoding = 4; lastKnownFileType = sourcecode.swift; path = MathLibrary.swift; sourceTree = "<group>"; };
		5C7DE58C28547DB500F75036 /* Scene.swift */ = {isa = PBXFileReference; lastKnownFileType = sourcecode.swift; path = Scene.swift; sourceTree = "<group>"; };
		5C7DE58F2854CA3700F75036 /* Camera.swift */ = {isa = PBXFileReference; lastKnownFileType = sourcecode.swift; path = Camera.swift; sourceTree = "<group>"; usesTabs = 0; };
		5C7DE592285647F300F75036 /* InputController.swift */ = {isa = PBXFileReference; lastKnownFileType = sourcecode.swift; path = InputController.swift; sourceTree = "<group>"; };
		5C7DE5992856E25600F75036 /* Movement.swift */ = {isa = PBXFileReference; lastKnownFileType = sourcecode.swift; path = Movement.swift; sourceTree = "<group>"; };
/* End PBXFileReference section */

/* Begin PBXFrameworksBuildPhase section */
		5C7DE536285477DD00F75036 /* Frameworks */ = {
			isa = PBXFrameworksBuildPhase;
			buildActionMask = 2147483647;
			files = (
			);
			runOnlyForDeploymentPostprocessing = 0;
		};
		5C7DE53C285477DD00F75036 /* Frameworks */ = {
			isa = PBXFrameworksBuildPhase;
			buildActionMask = 2147483647;
			files = (
			);
			runOnlyForDeploymentPostprocessing = 0;
		};
/* End PBXFrameworksBuildPhase section */

/* Begin PBXGroup section */
		5C7DE52C285477DC00F75036 = {
			isa = PBXGroup;
			children = (
				5C7DE531285477DC00F75036 /* Shared */,
				5C7DE540285477DD00F75036 /* macOS */,
				5C7DE53A285477DD00F75036 /* Products */,
			);
			sourceTree = "<group>";
		};
		5C7DE531285477DC00F75036 /* Shared */ = {
			isa = PBXGroup;
			children = (
				5C7DE532285477DC00F75036 /* NavigationApp.swift */,
				5C7DE55F2854785100F75036 /* Renderer.swift */,
				5C7DE58C28547DB500F75036 /* Scene.swift */,
				5C7DE58F2854CA3700F75036 /* Camera.swift */,
				5C7DE592285647F300F75036 /* InputController.swift */,
				5C7DE5992856E25600F75036 /* Movement.swift */,
				5C7DE5612854785100F75036 /* Mesh.swift */,
				5C7DE5502854785100F75036 /* Model.swift */,
				5C7DE5622854785100F75036 /* Submesh.swift */,
				5C7DE5552854785100F75036 /* TextureController.swift */,
				5C7DE5562854785100F75036 /* Transform.swift */,
				5C7DE5572854785100F75036 /* VertexDescriptor.swift */,
				5C7DE5602854785100F75036 /* Shaders.metal */,
				5C7DE5642854785100F75036 /* Common.h */,
				5C7DE5582854785100F75036 /* Models */,
				5C7DE5512854785100F75036 /* Views */,
				5C7DE5652854785100F75036 /* Utility */,
				5C7DE5632854785100F75036 /* Textures.xcassets */,
				5C7DE534285477DD00F75036 /* Assets.xcassets */,
			);
			path = Shared;
			sourceTree = "<group>";
		};
		5C7DE53A285477DD00F75036 /* Products */ = {
			isa = PBXGroup;
			children = (
				5C7DE539285477DD00F75036 /* Navigation.app */,
				5C7DE53F285477DD00F75036 /* Navigation.app */,
			);
			name = Products;
			sourceTree = "<group>";
		};
		5C7DE540285477DD00F75036 /* macOS */ = {
			isa = PBXGroup;
			children = (
				5C7DE541285477DD00F75036 /* macOS.entitlements */,
			);
			path = macOS;
			sourceTree = "<group>";
		};
		5C7DE5512854785100F75036 /* Views */ = {
			isa = PBXGroup;
			children = (
				5C7DE5522854785100F75036 /* Options.swift */,
				5C7DE5532854785100F75036 /* MetalView.swift */,
				5C7DE5542854785100F75036 /* ContentView.swift */,
			);
			path = Views;
			sourceTree = "<group>";
		};
		5C7DE5582854785100F75036 /* Models */ = {
			isa = PBXGroup;
			children = (
				5C7DE5592854785100F75036 /* Ground */,
				5C7DE55C2854785100F75036 /* LowPolyHouse */,
			);
			path = Models;
			sourceTree = "<group>";
		};
		5C7DE5592854785100F75036 /* Ground */ = {
			isa = PBXGroup;
			children = (
				5C7DE55A2854785100F75036 /* plane.obj */,
				5C7DE55B2854785100F75036 /* plane.mtl */,
			);
			path = Ground;
			sourceTree = "<group>";
		};
		5C7DE55C2854785100F75036 /* LowPolyHouse */ = {
			isa = PBXGroup;
			children = (
				5C7DE55D2854785100F75036 /* lowpoly-house.obj */,
				5C7DE55E2854785100F75036 /* lowpoly-house.mtl */,
			);
			path = LowPolyHouse;
			sourceTree = "<group>";
		};
		5C7DE5652854785100F75036 /* Utility */ = {
			isa = PBXGroup;
			children = (
				5C7DE5662854785100F75036 /* MathLibrary.swift */,
			);
			path = Utility;
			sourceTree = "<group>";
		};
/* End PBXGroup section */

/* Begin PBXNativeTarget section */
		5C7DE538285477DD00F75036 /* Navigation (iOS) */ = {
			isa = PBXNativeTarget;
			buildConfigurationList = 5C7DE54A285477DD00F75036 /* Build configuration list for PBXNativeTarget "Navigation (iOS)" */;
			buildPhases = (
				5C7DE535285477DD00F75036 /* Sources */,
				5C7DE536285477DD00F75036 /* Frameworks */,
				5C7DE537285477DD00F75036 /* Resources */,
			);
			buildRules = (
			);
			dependencies = (
			);
			name = "Navigation (iOS)";
			productName = "Navigation (iOS)";
			productReference = 5C7DE539285477DD00F75036 /* Navigation.app */;
			productType = "com.apple.product-type.application";
		};
		5C7DE53E285477DD00F75036 /* Navigation (macOS) */ = {
			isa = PBXNativeTarget;
			buildConfigurationList = 5C7DE54D285477DD00F75036 /* Build configuration list for PBXNativeTarget "Navigation (macOS)" */;
			buildPhases = (
				5C7DE53B285477DD00F75036 /* Sources */,
				5C7DE53C285477DD00F75036 /* Frameworks */,
				5C7DE53D285477DD00F75036 /* Resources */,
			);
			buildRules = (
			);
			dependencies = (
			);
			name = "Navigation (macOS)";
			productName = "Navigation (macOS)";
			productReference = 5C7DE53F285477DD00F75036 /* Navigation.app */;
			productType = "com.apple.product-type.application";
		};
/* End PBXNativeTarget section */

/* Begin PBXProject section */
		5C7DE52D285477DC00F75036 /* Project object */ = {
			isa = PBXProject;
			attributes = {
				BuildIndependentTargetsInParallel = 1;
				LastSwiftUpdateCheck = 1340;
				LastUpgradeCheck = 1340;
				TargetAttributes = {
					5C7DE538285477DD00F75036 = {
						CreatedOnToolsVersion = 13.4.1;
					};
					5C7DE53E285477DD00F75036 = {
						CreatedOnToolsVersion = 13.4.1;
					};
				};
			};
			buildConfigurationList = 5C7DE530285477DC00F75036 /* Build configuration list for PBXProject "Navigation" */;
			compatibilityVersion = "Xcode 13.0";
			developmentRegion = en;
			hasScannedForEncodings = 0;
			knownRegions = (
				en,
				Base,
			);
			mainGroup = 5C7DE52C285477DC00F75036;
			productRefGroup = 5C7DE53A285477DD00F75036 /* Products */;
			projectDirPath = "";
			projectRoot = "";
			targets = (
				5C7DE538285477DD00F75036 /* Navigation (iOS) */,
				5C7DE53E285477DD00F75036 /* Navigation (macOS) */,
			);
		};
/* End PBXProject section */

/* Begin PBXResourcesBuildPhase section */
		5C7DE537285477DD00F75036 /* Resources */ = {
			isa = PBXResourcesBuildPhase;
			buildActionMask = 2147483647;
			files = (
				5C7DE5762854785100F75036 /* plane.obj in Resources */,
				5C7DE57A2854785100F75036 /* lowpoly-house.obj in Resources */,
				5C7DE57C2854785100F75036 /* lowpoly-house.mtl in Resources */,
				5C7DE5862854785100F75036 /* Textures.xcassets in Resources */,
				5C7DE546285477DD00F75036 /* Assets.xcassets in Resources */,
				5C7DE5782854785100F75036 /* plane.mtl in Resources */,
			);
			runOnlyForDeploymentPostprocessing = 0;
		};
		5C7DE53D285477DD00F75036 /* Resources */ = {
			isa = PBXResourcesBuildPhase;
			buildActionMask = 2147483647;
			files = (
				5C7DE5772854785100F75036 /* plane.obj in Resources */,
				5C7DE57B2854785100F75036 /* lowpoly-house.obj in Resources */,
				5C7DE57D2854785100F75036 /* lowpoly-house.mtl in Resources */,
				5C7DE5872854785100F75036 /* Textures.xcassets in Resources */,
				5C7DE547285477DD00F75036 /* Assets.xcassets in Resources */,
				5C7DE5792854785100F75036 /* plane.mtl in Resources */,
			);
			runOnlyForDeploymentPostprocessing = 0;
		};
/* End PBXResourcesBuildPhase section */

/* Begin PBXSourcesBuildPhase section */
		5C7DE535285477DD00F75036 /* Sources */ = {
			isa = PBXSourcesBuildPhase;
			buildActionMask = 2147483647;
			files = (
				5C7DE56A2854785100F75036 /* Options.swift in Sources */,
				5C7DE5882854785100F75036 /* MathLibrary.swift in Sources */,
				5C7DE5682854785100F75036 /* Model.swift in Sources */,
				5C7DE56E2854785100F75036 /* ContentView.swift in Sources */,
				5C7DE593285647F300F75036 /* InputController.swift in Sources */,
				5C7DE58D28547DB500F75036 /* Scene.swift in Sources */,
				5C7DE5742854785100F75036 /* VertexDescriptor.swift in Sources */,
				5C7DE56C2854785100F75036 /* MetalView.swift in Sources */,
				5C7DE5822854785100F75036 /* Mesh.swift in Sources */,
				5C7DE5702854785100F75036 /* TextureController.swift in Sources */,
				5C7DE5722854785100F75036 /* Transform.swift in Sources */,
				5C7DE5802854785100F75036 /* Shaders.metal in Sources */,
				5C7DE5902854CA3700F75036 /* Camera.swift in Sources */,
				5C7DE57E2854785100F75036 /* Renderer.swift in Sources */,
				5C7DE542285477DD00F75036 /* NavigationApp.swift in Sources */,
				5C7DE59A2856E25600F75036 /* Movement.swift in Sources */,
				5C7DE5842854785100F75036 /* Submesh.swift in Sources */,
			);
			runOnlyForDeploymentPostprocessing = 0;
		};
		5C7DE53B285477DD00F75036 /* Sources */ = {
			isa = PBXSourcesBuildPhase;
			buildActionMask = 2147483647;
			files = (
				5C7DE56B2854785100F75036 /* Options.swift in Sources */,
				5C7DE5892854785100F75036 /* MathLibrary.swift in Sources */,
				5C7DE5692854785100F75036 /* Model.swift in Sources */,
				5C7DE56F2854785100F75036 /* ContentView.swift in Sources */,
				5C7DE594285647F300F75036 /* InputController.swift in Sources */,
				5C7DE58E28547DB500F75036 /* Scene.swift in Sources */,
				5C7DE5752854785100F75036 /* VertexDescriptor.swift in Sources */,
				5C7DE56D2854785100F75036 /* MetalView.swift in Sources */,
				5C7DE5832854785100F75036 /* Mesh.swift in Sources */,
				5C7DE5712854785100F75036 /* TextureController.swift in Sources */,
				5C7DE5732854785100F75036 /* Transform.swift in Sources */,
				5C7DE5812854785100F75036 /* Shaders.metal in Sources */,
				5C7DE5912854CA3700F75036 /* Camera.swift in Sources */,
				5C7DE57F2854785100F75036 /* Renderer.swift in Sources */,
				5C7DE543285477DD00F75036 /* NavigationApp.swift in Sources */,
				5C7DE59B2856E25600F75036 /* Movement.swift in Sources */,
				5C7DE5852854785100F75036 /* Submesh.swift in Sources */,
			);
			runOnlyForDeploymentPostprocessing = 0;
		};
/* End PBXSourcesBuildPhase section */

/* Begin XCBuildConfiguration section */
		5C7DE548285477DD00F75036 /* Debug */ = {
			isa = XCBuildConfiguration;
			buildSettings = {
				ALWAYS_SEARCH_USER_PATHS = NO;
				CLANG_ANALYZER_NONNULL = YES;
				CLANG_ANALYZER_NUMBER_OBJECT_CONVERSION = YES_AGGRESSIVE;
				CLANG_CXX_LANGUAGE_STANDARD = "gnu++17";
				CLANG_ENABLE_MODULES = YES;
				CLANG_ENABLE_OBJC_ARC = YES;
				CLANG_ENABLE_OBJC_WEAK = YES;
				CLANG_WARN_BLOCK_CAPTURE_AUTORELEASING = YES;
				CLANG_WARN_BOOL_CONVERSION = YES;
				CLANG_WARN_COMMA = YES;
				CLANG_WARN_CONSTANT_CONVERSION = YES;
				CLANG_WARN_DEPRECATED_OBJC_IMPLEMENTATIONS = YES;
				CLANG_WARN_DIRECT_OBJC_ISA_USAGE = YES_ERROR;
				CLANG_WARN_DOCUMENTATION_COMMENTS = YES;
				CLANG_WARN_EMPTY_BODY = YES;
				CLANG_WARN_ENUM_CONVERSION = YES;
				CLANG_WARN_INFINITE_RECURSION = YES;
				CLANG_WARN_INT_CONVERSION = YES;
				CLANG_WARN_NON_LITERAL_NULL_CONVERSION = YES;
				CLANG_WARN_OBJC_IMPLICIT_RETAIN_SELF = YES;
				CLANG_WARN_OBJC_LITERAL_CONVERSION = YES;
				CLANG_WARN_OBJC_ROOT_CLASS = YES_ERROR;
				CLANG_WARN_QUOTED_INCLUDE_IN_FRAMEWORK_HEADER = YES;
				CLANG_WARN_RANGE_LOOP_ANALYSIS = YES;
				CLANG_WARN_STRICT_PROTOTYPES = YES;
				CLANG_WARN_SUSPICIOUS_MOVE = YES;
				CLANG_WARN_UNGUARDED_AVAILABILITY = YES_AGGRESSIVE;
				CLANG_WARN_UNREACHABLE_CODE = YES;
				CLANG_WARN__DUPLICATE_METHOD_MATCH = YES;
				COPY_PHASE_STRIP = NO;
				DEBUG_INFORMATION_FORMAT = dwarf;
				ENABLE_STRICT_OBJC_MSGSEND = YES;
				ENABLE_TESTABILITY = YES;
				GCC_C_LANGUAGE_STANDARD = gnu11;
				GCC_DYNAMIC_NO_PIC = NO;
				GCC_NO_COMMON_BLOCKS = YES;
				GCC_OPTIMIZATION_LEVEL = 0;
				GCC_PREPROCESSOR_DEFINITIONS = (
					"DEBUG=1",
					"$(inherited)",
				);
				GCC_WARN_64_TO_32_BIT_CONVERSION = YES;
				GCC_WARN_ABOUT_RETURN_TYPE = YES_ERROR;
				GCC_WARN_UNDECLARED_SELECTOR = YES;
				GCC_WARN_UNINITIALIZED_AUTOS = YES_AGGRESSIVE;
				GCC_WARN_UNUSED_FUNCTION = YES;
				GCC_WARN_UNUSED_VARIABLE = YES;
				MTL_ENABLE_DEBUG_INFO = INCLUDE_SOURCE;
				MTL_FAST_MATH = YES;
				ONLY_ACTIVE_ARCH = YES;
				SWIFT_ACTIVE_COMPILATION_CONDITIONS = DEBUG;
				SWIFT_OBJC_BRIDGING_HEADER = Shared/Common.h;
				SWIFT_OPTIMIZATION_LEVEL = "-Onone";
			};
			name = Debug;
		};
		5C7DE549285477DD00F75036 /* Release */ = {
			isa = XCBuildConfiguration;
			buildSettings = {
				ALWAYS_SEARCH_USER_PATHS = NO;
				CLANG_ANALYZER_NONNULL = YES;
				CLANG_ANALYZER_NUMBER_OBJECT_CONVERSION = YES_AGGRESSIVE;
				CLANG_CXX_LANGUAGE_STANDARD = "gnu++17";
				CLANG_ENABLE_MODULES = YES;
				CLANG_ENABLE_OBJC_ARC = YES;
				CLANG_ENABLE_OBJC_WEAK = YES;
				CLANG_WARN_BLOCK_CAPTURE_AUTORELEASING = YES;
				CLANG_WARN_BOOL_CONVERSION = YES;
				CLANG_WARN_COMMA = YES;
				CLANG_WARN_CONSTANT_CONVERSION = YES;
				CLANG_WARN_DEPRECATED_OBJC_IMPLEMENTATIONS = YES;
				CLANG_WARN_DIRECT_OBJC_ISA_USAGE = YES_ERROR;
				CLANG_WARN_DOCUMENTATION_COMMENTS = YES;
				CLANG_WARN_EMPTY_BODY = YES;
				CLANG_WARN_ENUM_CONVERSION = YES;
				CLANG_WARN_INFINITE_RECURSION = YES;
				CLANG_WARN_INT_CONVERSION = YES;
				CLANG_WARN_NON_LITERAL_NULL_CONVERSION = YES;
				CLANG_WARN_OBJC_IMPLICIT_RETAIN_SELF = YES;
				CLANG_WARN_OBJC_LITERAL_CONVERSION = YES;
				CLANG_WARN_OBJC_ROOT_CLASS = YES_ERROR;
				CLANG_WARN_QUOTED_INCLUDE_IN_FRAMEWORK_HEADER = YES;
				CLANG_WARN_RANGE_LOOP_ANALYSIS = YES;
				CLANG_WARN_STRICT_PROTOTYPES = YES;
				CLANG_WARN_SUSPICIOUS_MOVE = YES;
				CLANG_WARN_UNGUARDED_AVAILABILITY = YES_AGGRESSIVE;
				CLANG_WARN_UNREACHABLE_CODE = YES;
				CLANG_WARN__DUPLICATE_METHOD_MATCH = YES;
				COPY_PHASE_STRIP = NO;
				DEBUG_INFORMATION_FORMAT = "dwarf-with-dsym";
				ENABLE_NS_ASSERTIONS = NO;
				ENABLE_STRICT_OBJC_MSGSEND = YES;
				GCC_C_LANGUAGE_STANDARD = gnu11;
				GCC_NO_COMMON_BLOCKS = YES;
				GCC_WARN_64_TO_32_BIT_CONVERSION = YES;
				GCC_WARN_ABOUT_RETURN_TYPE = YES_ERROR;
				GCC_WARN_UNDECLARED_SELECTOR = YES;
				GCC_WARN_UNINITIALIZED_AUTOS = YES_AGGRESSIVE;
				GCC_WARN_UNUSED_FUNCTION = YES;
				GCC_WARN_UNUSED_VARIABLE = YES;
				MTL_ENABLE_DEBUG_INFO = NO;
				MTL_FAST_MATH = YES;
				SWIFT_COMPILATION_MODE = wholemodule;
				SWIFT_OBJC_BRIDGING_HEADER = Shared/Common.h;
				SWIFT_OPTIMIZATION_LEVEL = "-O";
			};
			name = Release;
		};
		5C7DE54B285477DD00F75036 /* Debug */ = {
			isa = XCBuildConfiguration;
			buildSettings = {
				ASSETCATALOG_COMPILER_APPICON_NAME = AppIcon;
				ASSETCATALOG_COMPILER_GLOBAL_ACCENT_COLOR_NAME = AccentColor;
				CODE_SIGN_STYLE = Automatic;
				CURRENT_PROJECT_VERSION = 1;
				DEVELOPMENT_TEAM = LA99DDR87G;
				ENABLE_PREVIEWS = YES;
				GENERATE_INFOPLIST_FILE = YES;
				INFOPLIST_FILE = "Navigation--iOS--Info.plist";
				INFOPLIST_KEY_UIApplicationSceneManifest_Generation = YES;
				INFOPLIST_KEY_UIApplicationSupportsIndirectInputEvents = YES;
				INFOPLIST_KEY_UILaunchScreen_Generation = YES;
				INFOPLIST_KEY_UISupportedInterfaceOrientations_iPad = "UIInterfaceOrientationPortrait UIInterfaceOrientationPortraitUpsideDown UIInterfaceOrientationLandscapeLeft UIInterfaceOrientationLandscapeRight";
				INFOPLIST_KEY_UISupportedInterfaceOrientations_iPhone = "UIInterfaceOrientationPortrait UIInterfaceOrientationLandscapeLeft UIInterfaceOrientationLandscapeRight";
				IPHONEOS_DEPLOYMENT_TARGET = 15.5;
				LD_RUNPATH_SEARCH_PATHS = (
					"$(inherited)",
					"@executable_path/Frameworks",
				);
				MARKETING_VERSION = 1.0;
				PRODUCT_BUNDLE_IDENTIFIER = nghiapham.sg.Navigation;
				PRODUCT_NAME = Navigation;
				SDKROOT = iphoneos;
				SWIFT_EMIT_LOC_STRINGS = YES;
				SWIFT_VERSION = 5.0;
				TARGETED_DEVICE_FAMILY = "1,2";
			};
			name = Debug;
		};
		5C7DE54C285477DD00F75036 /* Release */ = {
			isa = XCBuildConfiguration;
			buildSettings = {
				ASSETCATALOG_COMPILER_APPICON_NAME = AppIcon;
				ASSETCATALOG_COMPILER_GLOBAL_ACCENT_COLOR_NAME = AccentColor;
				CODE_SIGN_STYLE = Automatic;
				CURRENT_PROJECT_VERSION = 1;
				DEVELOPMENT_TEAM = LA99DDR87G;
				ENABLE_PREVIEWS = YES;
				GENERATE_INFOPLIST_FILE = YES;
				INFOPLIST_FILE = "Navigation--iOS--Info.plist";
				INFOPLIST_KEY_UIApplicationSceneManifest_Generation = YES;
				INFOPLIST_KEY_UIApplicationSupportsIndirectInputEvents = YES;
				INFOPLIST_KEY_UILaunchScreen_Generation = YES;
				INFOPLIST_KEY_UISupportedInterfaceOrientations_iPad = "UIInterfaceOrientationPortrait UIInterfaceOrientationPortraitUpsideDown UIInterfaceOrientationLandscapeLeft UIInterfaceOrientationLandscapeRight";
				INFOPLIST_KEY_UISupportedInterfaceOrientations_iPhone = "UIInterfaceOrientationPortrait UIInterfaceOrientationLandscapeLeft UIInterfaceOrientationLandscapeRight";
				IPHONEOS_DEPLOYMENT_TARGET = 15.5;
				LD_RUNPATH_SEARCH_PATHS = (
					"$(inherited)",
					"@executable_path/Frameworks",
				);
				MARKETING_VERSION = 1.0;
				PRODUCT_BUNDLE_IDENTIFIER = nghiapham.sg.Navigation;
				PRODUCT_NAME = Navigation;
				SDKROOT = iphoneos;
				SWIFT_EMIT_LOC_STRINGS = YES;
				SWIFT_VERSION = 5.0;
				TARGETED_DEVICE_FAMILY = "1,2";
				VALIDATE_PRODUCT = YES;
			};
			name = Release;
		};
		5C7DE54E285477DD00F75036 /* Debug */ = {
			isa = XCBuildConfiguration;
			buildSettings = {
				ASSETCATALOG_COMPILER_APPICON_NAME = AppIcon;
				ASSETCATALOG_COMPILER_GLOBAL_ACCENT_COLOR_NAME = AccentColor;
				CODE_SIGN_ENTITLEMENTS = macOS/macOS.entitlements;
				CODE_SIGN_STYLE = Automatic;
				COMBINE_HIDPI_IMAGES = YES;
				CURRENT_PROJECT_VERSION = 1;
				DEVELOPMENT_TEAM = LA99DDR87G;
				ENABLE_HARDENED_RUNTIME = YES;
				ENABLE_PREVIEWS = YES;
				GENERATE_INFOPLIST_FILE = YES;
				INFOPLIST_KEY_NSHumanReadableCopyright = "";
				LD_RUNPATH_SEARCH_PATHS = (
					"$(inherited)",
					"@executable_path/../Frameworks",
				);
				MACOSX_DEPLOYMENT_TARGET = 12.3;
				MARKETING_VERSION = 1.0;
				PRODUCT_BUNDLE_IDENTIFIER = nghiapham.sg.Navigation;
				PRODUCT_NAME = Navigation;
				SDKROOT = macosx;
				SWIFT_EMIT_LOC_STRINGS = YES;
				SWIFT_VERSION = 5.0;
			};
			name = Debug;
		};
		5C7DE54F285477DD00F75036 /* Release */ = {
			isa = XCBuildConfiguration;
			buildSettings = {
				ASSETCATALOG_COMPILER_APPICON_NAME = AppIcon;
				ASSETCATALOG_COMPILER_GLOBAL_ACCENT_COLOR_NAME = AccentColor;
				CODE_SIGN_ENTITLEMENTS = macOS/macOS.entitlements;
				CODE_SIGN_STYLE = Automatic;
				COMBINE_HIDPI_IMAGES = YES;
				CURRENT_PROJECT_VERSION = 1;
				DEVELOPMENT_TEAM = LA99DDR87G;
				ENABLE_HARDENED_RUNTIME = YES;
				ENABLE_PREVIEWS = YES;
				GENERATE_INFOPLIST_FILE = YES;
				INFOPLIST_KEY_NSHumanReadableCopyright = "";
				LD_RUNPATH_SEARCH_PATHS = (
					"$(inherited)",
					"@executable_path/../Frameworks",
				);
				MACOSX_DEPLOYMENT_TARGET = 12.3;
				MARKETING_VERSION = 1.0;
				PRODUCT_BUNDLE_IDENTIFIER = nghiapham.sg.Navigation;
				PRODUCT_NAME = Navigation;
				SDKROOT = macosx;
				SWIFT_EMIT_LOC_STRINGS = YES;
				SWIFT_VERSION = 5.0;
			};
			name = Release;
		};
/* End XCBuildConfiguration section */

/* Begin XCConfigurationList section */
		5C7DE530285477DC00F75036 /* Build configuration list for PBXProject "Navigation" */ = {
			isa = XCConfigurationList;
			buildConfigurations = (
				5C7DE548285477DD00F75036 /* Debug */,
				5C7DE549285477DD00F75036 /* Release */,
			);
			defaultConfigurationIsVisible = 0;
			defaultConfigurationName = Release;
		};
		5C7DE54A285477DD00F75036 /* Build configuration list for PBXNativeTarget "Navigation (iOS)" */ = {
			isa = XCConfigurationList;
			buildConfigurations = (
				5C7DE54B285477DD00F75036 /* Debug */,
				5C7DE54C285477DD00F75036 /* Release */,
			);
			defaultConfigurationIsVisible = 0;
			defaultConfigurationName = Release;
		};
		5C7DE54D285477DD00F75036 /* Build configuration list for PBXNativeTarget "Navigation (macOS)" */ = {
			isa = XCConfigurationList;
			buildConfigurations = (
				5C7DE54E285477DD00F75036 /* Debug */,
				5C7DE54F285477DD00F75036 /* Release */,
			);
			defaultConfigurationIsVisible = 0;
			defaultConfigurationName = Release;
		};
/* End XCConfigurationList section */
	};
	rootObject = 5C7DE52D285477DC00F75036 /* Project object */;
}
