// !$*UTF8*$!
{
	archiveVersion = 1;
	classes = {
	};
	objectVersion = 55;
	objects = {

/* Begin PBXBuildFile section */
		5C039F9E2845B99400260906 /* Shaders.metal in Sources */ = {isa = PBXBuildFile; fileRef = 5C039F9D2845B99400260906 /* Shaders.metal */; };
		5C039F9F2845B99400260906 /* Shaders.metal in Sources */ = {isa = PBXBuildFile; fileRef = 5C039F9D2845B99400260906 /* Shaders.metal */; };
		5CDA23B32845B13F00EDCF30 /* PipelineApp.swift in Sources */ = {isa = PBXBuildFile; fileRef = 5CDA23A32845B13E00EDCF30 /* PipelineApp.swift */; };
		5CDA23B42845B13F00EDCF30 /* PipelineApp.swift in Sources */ = {isa = PBXBuildFile; fileRef = 5CDA23A32845B13E00EDCF30 /* PipelineApp.swift */; };
		5CDA23B52845B13F00EDCF30 /* ContentView.swift in Sources */ = {isa = PBXBuildFile; fileRef = 5CDA23A42845B13E00EDCF30 /* ContentView.swift */; };
		5CDA23B62845B13F00EDCF30 /* ContentView.swift in Sources */ = {isa = PBXBuildFile; fileRef = 5CDA23A42845B13E00EDCF30 /* ContentView.swift */; };
		5CDA23B72845B13F00EDCF30 /* Assets.xcassets in Resources */ = {isa = PBXBuildFile; fileRef = 5CDA23A52845B13F00EDCF30 /* Assets.xcassets */; };
		5CDA23B82845B13F00EDCF30 /* Assets.xcassets in Resources */ = {isa = PBXBuildFile; fileRef = 5CDA23A52845B13F00EDCF30 /* Assets.xcassets */; };
		5CDA23C22845B19B00EDCF30 /* Renderer.swift in Sources */ = {isa = PBXBuildFile; fileRef = 5CDA23C12845B19B00EDCF30 /* Renderer.swift */; };
		5CDA23C32845B19B00EDCF30 /* Renderer.swift in Sources */ = {isa = PBXBuildFile; fileRef = 5CDA23C12845B19B00EDCF30 /* Renderer.swift */; };
		5CDA23C52845B1E200EDCF30 /* MetalView.swift in Sources */ = {isa = PBXBuildFile; fileRef = 5CDA23C42845B1E200EDCF30 /* MetalView.swift */; };
		5CDA23C62845B1E200EDCF30 /* MetalView.swift in Sources */ = {isa = PBXBuildFile; fileRef = 5CDA23C42845B1E200EDCF30 /* MetalView.swift */; };
		5CDA23C82845B25C00EDCF30 /* train.usd in Resources */ = {isa = PBXBuildFile; fileRef = 5CDA23C72845B25C00EDCF30 /* train.usd */; };
		5CDA23C92845B25C00EDCF30 /* train.usd in Resources */ = {isa = PBXBuildFile; fileRef = 5CDA23C72845B25C00EDCF30 /* train.usd */; };
/* End PBXBuildFile section */

/* Begin PBXFileReference section */
		5C039F9D2845B99400260906 /* Shaders.metal */ = {isa = PBXFileReference; lastKnownFileType = sourcecode.metal; path = Shaders.metal; sourceTree = "<group>"; };
		5CDA23A32845B13E00EDCF30 /* PipelineApp.swift */ = {isa = PBXFileReference; lastKnownFileType = sourcecode.swift; path = PipelineApp.swift; sourceTree = "<group>"; };
		5CDA23A42845B13E00EDCF30 /* ContentView.swift */ = {isa = PBXFileReference; lastKnownFileType = sourcecode.swift; path = ContentView.swift; sourceTree = "<group>"; };
		5CDA23A52845B13F00EDCF30 /* Assets.xcassets */ = {isa = PBXFileReference; lastKnownFileType = folder.assetcatalog; path = Assets.xcassets; sourceTree = "<group>"; };
		5CDA23AA2845B13F00EDCF30 /* Pipeline.app */ = {isa = PBXFileReference; explicitFileType = wrapper.application; includeInIndex = 0; path = Pipeline.app; sourceTree = BUILT_PRODUCTS_DIR; };
		5CDA23B02845B13F00EDCF30 /* Pipeline.app */ = {isa = PBXFileReference; explicitFileType = wrapper.application; includeInIndex = 0; path = Pipeline.app; sourceTree = BUILT_PRODUCTS_DIR; };
		5CDA23B22845B13F00EDCF30 /* macOS.entitlements */ = {isa = PBXFileReference; lastKnownFileType = text.plist.entitlements; path = macOS.entitlements; sourceTree = "<group>"; };
		5CDA23C12845B19B00EDCF30 /* Renderer.swift */ = {isa = PBXFileReference; lastKnownFileType = sourcecode.swift; path = Renderer.swift; sourceTree = "<group>"; };
		5CDA23C42845B1E200EDCF30 /* MetalView.swift */ = {isa = PBXFileReference; lastKnownFileType = sourcecode.swift; path = MetalView.swift; sourceTree = "<group>"; };
		5CDA23C72845B25C00EDCF30 /* train.usd */ = {isa = PBXFileReference; lastKnownFileType = file; path = train.usd; sourceTree = "<group>"; };
/* End PBXFileReference section */

/* Begin PBXFrameworksBuildPhase section */
		5CDA23A72845B13F00EDCF30 /* Frameworks */ = {
			isa = PBXFrameworksBuildPhase;
			buildActionMask = 2147483647;
			files = (
			);
			runOnlyForDeploymentPostprocessing = 0;
		};
		5CDA23AD2845B13F00EDCF30 /* Frameworks */ = {
			isa = PBXFrameworksBuildPhase;
			buildActionMask = 2147483647;
			files = (
			);
			runOnlyForDeploymentPostprocessing = 0;
		};
/* End PBXFrameworksBuildPhase section */

/* Begin PBXGroup section */
		5CDA239D2845B13E00EDCF30 = {
			isa = PBXGroup;
			children = (
				5CDA23A22845B13E00EDCF30 /* Shared */,
				5CDA23B12845B13F00EDCF30 /* macOS */,
				5CDA23AB2845B13F00EDCF30 /* Products */,
			);
			sourceTree = "<group>";
		};
		5CDA23A22845B13E00EDCF30 /* Shared */ = {
			isa = PBXGroup;
			children = (
				5CDA23C72845B25C00EDCF30 /* train.usd */,
				5CDA23A32845B13E00EDCF30 /* PipelineApp.swift */,
				5CDA23A52845B13F00EDCF30 /* Assets.xcassets */,
				5CDA23C12845B19B00EDCF30 /* Renderer.swift */,
				5CDA23A42845B13E00EDCF30 /* ContentView.swift */,
				5CDA23C42845B1E200EDCF30 /* MetalView.swift */,
				5C039F9D2845B99400260906 /* Shaders.metal */,
			);
			path = Shared;
			sourceTree = "<group>";
		};
		5CDA23AB2845B13F00EDCF30 /* Products */ = {
			isa = PBXGroup;
			children = (
				5CDA23AA2845B13F00EDCF30 /* Pipeline.app */,
				5CDA23B02845B13F00EDCF30 /* Pipeline.app */,
			);
			name = Products;
			sourceTree = "<group>";
		};
		5CDA23B12845B13F00EDCF30 /* macOS */ = {
			isa = PBXGroup;
			children = (
				5CDA23B22845B13F00EDCF30 /* macOS.entitlements */,
			);
			path = macOS;
			sourceTree = "<group>";
		};
/* End PBXGroup section */

/* Begin PBXNativeTarget section */
		5CDA23A92845B13F00EDCF30 /* Pipeline (iOS) */ = {
			isa = PBXNativeTarget;
			buildConfigurationList = 5CDA23BB2845B13F00EDCF30 /* Build configuration list for PBXNativeTarget "Pipeline (iOS)" */;
			buildPhases = (
				5CDA23A62845B13F00EDCF30 /* Sources */,
				5CDA23A72845B13F00EDCF30 /* Frameworks */,
				5CDA23A82845B13F00EDCF30 /* Resources */,
			);
			buildRules = (
			);
			dependencies = (
			);
			name = "Pipeline (iOS)";
			productName = "Pipeline (iOS)";
			productReference = 5CDA23AA2845B13F00EDCF30 /* Pipeline.app */;
			productType = "com.apple.product-type.application";
		};
		5CDA23AF2845B13F00EDCF30 /* Pipeline (macOS) */ = {
			isa = PBXNativeTarget;
			buildConfigurationList = 5CDA23BE2845B13F00EDCF30 /* Build configuration list for PBXNativeTarget "Pipeline (macOS)" */;
			buildPhases = (
				5CDA23AC2845B13F00EDCF30 /* Sources */,
				5CDA23AD2845B13F00EDCF30 /* Frameworks */,
				5CDA23AE2845B13F00EDCF30 /* Resources */,
			);
			buildRules = (
			);
			dependencies = (
			);
			name = "Pipeline (macOS)";
			productName = "Pipeline (macOS)";
			productReference = 5CDA23B02845B13F00EDCF30 /* Pipeline.app */;
			productType = "com.apple.product-type.application";
		};
/* End PBXNativeTarget section */

/* Begin PBXProject section */
		5CDA239E2845B13E00EDCF30 /* Project object */ = {
			isa = PBXProject;
			attributes = {
				BuildIndependentTargetsInParallel = 1;
				LastSwiftUpdateCheck = 1340;
				LastUpgradeCheck = 1340;
				TargetAttributes = {
					5CDA23A92845B13F00EDCF30 = {
						CreatedOnToolsVersion = 13.4;
					};
					5CDA23AF2845B13F00EDCF30 = {
						CreatedOnToolsVersion = 13.4;
					};
				};
			};
			buildConfigurationList = 5CDA23A12845B13E00EDCF30 /* Build configuration list for PBXProject "Pipeline" */;
			compatibilityVersion = "Xcode 13.0";
			developmentRegion = en;
			hasScannedForEncodings = 0;
			knownRegions = (
				en,
				Base,
			);
			mainGroup = 5CDA239D2845B13E00EDCF30;
			productRefGroup = 5CDA23AB2845B13F00EDCF30 /* Products */;
			projectDirPath = "";
			projectRoot = "";
			targets = (
				5CDA23A92845B13F00EDCF30 /* Pipeline (iOS) */,
				5CDA23AF2845B13F00EDCF30 /* Pipeline (macOS) */,
			);
		};
/* End PBXProject section */

/* Begin PBXResourcesBuildPhase section */
		5CDA23A82845B13F00EDCF30 /* Resources */ = {
			isa = PBXResourcesBuildPhase;
			buildActionMask = 2147483647;
			files = (
				5CDA23B72845B13F00EDCF30 /* Assets.xcassets in Resources */,
				5CDA23C82845B25C00EDCF30 /* train.usd in Resources */,
			);
			runOnlyForDeploymentPostprocessing = 0;
		};
		5CDA23AE2845B13F00EDCF30 /* Resources */ = {
			isa = PBXResourcesBuildPhase;
			buildActionMask = 2147483647;
			files = (
				5CDA23B82845B13F00EDCF30 /* Assets.xcassets in Resources */,
				5CDA23C92845B25C00EDCF30 /* train.usd in Resources */,
			);
			runOnlyForDeploymentPostprocessing = 0;
		};
/* End PBXResourcesBuildPhase section */

/* Begin PBXSourcesBuildPhase section */
		5CDA23A62845B13F00EDCF30 /* Sources */ = {
			isa = PBXSourcesBuildPhase;
			buildActionMask = 2147483647;
			files = (
				5CDA23C52845B1E200EDCF30 /* MetalView.swift in Sources */,
				5CDA23B52845B13F00EDCF30 /* ContentView.swift in Sources */,
				5CDA23C22845B19B00EDCF30 /* Renderer.swift in Sources */,
				5CDA23B32845B13F00EDCF30 /* PipelineApp.swift in Sources */,
				5C039F9E2845B99400260906 /* Shaders.metal in Sources */,
			);
			runOnlyForDeploymentPostprocessing = 0;
		};
		5CDA23AC2845B13F00EDCF30 /* Sources */ = {
			isa = PBXSourcesBuildPhase;
			buildActionMask = 2147483647;
			files = (
				5CDA23C62845B1E200EDCF30 /* MetalView.swift in Sources */,
				5CDA23B62845B13F00EDCF30 /* ContentView.swift in Sources */,
				5CDA23C32845B19B00EDCF30 /* Renderer.swift in Sources */,
				5CDA23B42845B13F00EDCF30 /* PipelineApp.swift in Sources */,
				5C039F9F2845B99400260906 /* Shaders.metal in Sources */,
			);
			runOnlyForDeploymentPostprocessing = 0;
		};
/* End PBXSourcesBuildPhase section */

/* Begin XCBuildConfiguration section */
		5CDA23B92845B13F00EDCF30 /* Debug */ = {
			isa = XCBuildConfiguration;
			buildSettings = {
				ALWAYS_SEARCH_USER_PATHS = NO;
				CLANG_ANALYZER_NONNULL = YES;
				CLANG_ANALYZER_NUMBER_OBJECT_CONVERSION = YES_AGGRESSIVE;
				CLANG_CXX_LANGUAGE_STANDARD = "gnu++17";
				CLANG_ENABLE_MODULES = YES;
				CLANG_ENABLE_OBJC_ARC = YES;
				CLANG_ENABLE_OBJC_WEAK = YES;
				CLANG_WARN_BLOCK_CAPTURE_AUTORELEASING = YES;
				CLANG_WARN_BOOL_CONVERSION = YES;
				CLANG_WARN_COMMA = YES;
				CLANG_WARN_CONSTANT_CONVERSION = YES;
				CLANG_WARN_DEPRECATED_OBJC_IMPLEMENTATIONS = YES;
				CLANG_WARN_DIRECT_OBJC_ISA_USAGE = YES_ERROR;
				CLANG_WARN_DOCUMENTATION_COMMENTS = YES;
				CLANG_WARN_EMPTY_BODY = YES;
				CLANG_WARN_ENUM_CONVERSION = YES;
				CLANG_WARN_INFINITE_RECURSION = YES;
				CLANG_WARN_INT_CONVERSION = YES;
				CLANG_WARN_NON_LITERAL_NULL_CONVERSION = YES;
				CLANG_WARN_OBJC_IMPLICIT_RETAIN_SELF = YES;
				CLANG_WARN_OBJC_LITERAL_CONVERSION = YES;
				CLANG_WARN_OBJC_ROOT_CLASS = YES_ERROR;
				CLANG_WARN_QUOTED_INCLUDE_IN_FRAMEWORK_HEADER = YES;
				CLANG_WARN_RANGE_LOOP_ANALYSIS = YES;
				CLANG_WARN_STRICT_PROTOTYPES = YES;
				CLANG_WARN_SUSPICIOUS_MOVE = YES;
				CLANG_WARN_UNGUARDED_AVAILABILITY = YES_AGGRESSIVE;
				CLANG_WARN_UNREACHABLE_CODE = YES;
				CLANG_WARN__DUPLICATE_METHOD_MATCH = YES;
				COPY_PHASE_STRIP = NO;
				DEBUG_INFORMATION_FORMAT = dwarf;
				ENABLE_STRICT_OBJC_MSGSEND = YES;
				ENABLE_TESTABILITY = YES;
				GCC_C_LANGUAGE_STANDARD = gnu11;
				GCC_DYNAMIC_NO_PIC = NO;
				GCC_NO_COMMON_BLOCKS = YES;
				GCC_OPTIMIZATION_LEVEL = 0;
				GCC_PREPROCESSOR_DEFINITIONS = (
					"DEBUG=1",
					"$(inherited)",
				);
				GCC_WARN_64_TO_32_BIT_CONVERSION = YES;
				GCC_WARN_ABOUT_RETURN_TYPE = YES_ERROR;
				GCC_WARN_UNDECLARED_SELECTOR = YES;
				GCC_WARN_UNINITIALIZED_AUTOS = YES_AGGRESSIVE;
				GCC_WARN_UNUSED_FUNCTION = YES;
				GCC_WARN_UNUSED_VARIABLE = YES;
				MTL_ENABLE_DEBUG_INFO = INCLUDE_SOURCE;
				MTL_FAST_MATH = YES;
				ONLY_ACTIVE_ARCH = YES;
				SWIFT_ACTIVE_COMPILATION_CONDITIONS = DEBUG;
				SWIFT_OPTIMIZATION_LEVEL = "-Onone";
			};
			name = Debug;
		};
		5CDA23BA2845B13F00EDCF30 /* Release */ = {
			isa = XCBuildConfiguration;
			buildSettings = {
				ALWAYS_SEARCH_USER_PATHS = NO;
				CLANG_ANALYZER_NONNULL = YES;
				CLANG_ANALYZER_NUMBER_OBJECT_CONVERSION = YES_AGGRESSIVE;
				CLANG_CXX_LANGUAGE_STANDARD = "gnu++17";
				CLANG_ENABLE_MODULES = YES;
				CLANG_ENABLE_OBJC_ARC = YES;
				CLANG_ENABLE_OBJC_WEAK = YES;
				CLANG_WARN_BLOCK_CAPTURE_AUTORELEASING = YES;
				CLANG_WARN_BOOL_CONVERSION = YES;
				CLANG_WARN_COMMA = YES;
				CLANG_WARN_CONSTANT_CONVERSION = YES;
				CLANG_WARN_DEPRECATED_OBJC_IMPLEMENTATIONS = YES;
				CLANG_WARN_DIRECT_OBJC_ISA_USAGE = YES_ERROR;
				CLANG_WARN_DOCUMENTATION_COMMENTS = YES;
				CLANG_WARN_EMPTY_BODY = YES;
				CLANG_WARN_ENUM_CONVERSION = YES;
				CLANG_WARN_INFINITE_RECURSION = YES;
				CLANG_WARN_INT_CONVERSION = YES;
				CLANG_WARN_NON_LITERAL_NULL_CONVERSION = YES;
				CLANG_WARN_OBJC_IMPLICIT_RETAIN_SELF = YES;
				CLANG_WARN_OBJC_LITERAL_CONVERSION = YES;
				CLANG_WARN_OBJC_ROOT_CLASS = YES_ERROR;
				CLANG_WARN_QUOTED_INCLUDE_IN_FRAMEWORK_HEADER = YES;
				CLANG_WARN_RANGE_LOOP_ANALYSIS = YES;
				CLANG_WARN_STRICT_PROTOTYPES = YES;
				CLANG_WARN_SUSPICIOUS_MOVE = YES;
				CLANG_WARN_UNGUARDED_AVAILABILITY = YES_AGGRESSIVE;
				CLANG_WARN_UNREACHABLE_CODE = YES;
				CLANG_WARN__DUPLICATE_METHOD_MATCH = YES;
				COPY_PHASE_STRIP = NO;
				DEBUG_INFORMATION_FORMAT = "dwarf-with-dsym";
				ENABLE_NS_ASSERTIONS = NO;
				ENABLE_STRICT_OBJC_MSGSEND = YES;
				GCC_C_LANGUAGE_STANDARD = gnu11;
				GCC_NO_COMMON_BLOCKS = YES;
				GCC_WARN_64_TO_32_BIT_CONVERSION = YES;
				GCC_WARN_ABOUT_RETURN_TYPE = YES_ERROR;
				GCC_WARN_UNDECLARED_SELECTOR = YES;
				GCC_WARN_UNINITIALIZED_AUTOS = YES_AGGRESSIVE;
				GCC_WARN_UNUSED_FUNCTION = YES;
				GCC_WARN_UNUSED_VARIABLE = YES;
				MTL_ENABLE_DEBUG_INFO = NO;
				MTL_FAST_MATH = YES;
				SWIFT_COMPILATION_MODE = wholemodule;
				SWIFT_OPTIMIZATION_LEVEL = "-O";
			};
			name = Release;
		};
		5CDA23BC2845B13F00EDCF30 /* Debug */ = {
			isa = XCBuildConfiguration;
			buildSettings = {
				ASSETCATALOG_COMPILER_APPICON_NAME = AppIcon;
				ASSETCATALOG_COMPILER_GLOBAL_ACCENT_COLOR_NAME = AccentColor;
				CODE_SIGN_STYLE = Automatic;
				CURRENT_PROJECT_VERSION = 1;
				DEVELOPMENT_TEAM = LA99DDR87G;
				ENABLE_PREVIEWS = YES;
				GENERATE_INFOPLIST_FILE = YES;
				INFOPLIST_KEY_UIApplicationSceneManifest_Generation = YES;
				INFOPLIST_KEY_UIApplicationSupportsIndirectInputEvents = YES;
				INFOPLIST_KEY_UILaunchScreen_Generation = YES;
				INFOPLIST_KEY_UISupportedInterfaceOrientations_iPad = "UIInterfaceOrientationPortrait UIInterfaceOrientationPortraitUpsideDown UIInterfaceOrientationLandscapeLeft UIInterfaceOrientationLandscapeRight";
				INFOPLIST_KEY_UISupportedInterfaceOrientations_iPhone = "UIInterfaceOrientationPortrait UIInterfaceOrientationLandscapeLeft UIInterfaceOrientationLandscapeRight";
				IPHONEOS_DEPLOYMENT_TARGET = 15.5;
				LD_RUNPATH_SEARCH_PATHS = (
					"$(inherited)",
					"@executable_path/Frameworks",
				);
				MARKETING_VERSION = 1.0;
				PRODUCT_BUNDLE_IDENTIFIER = nghiapham.sg.Pipeline;
				PRODUCT_NAME = Pipeline;
				SDKROOT = iphoneos;
				SWIFT_EMIT_LOC_STRINGS = YES;
				SWIFT_VERSION = 5.0;
				TARGETED_DEVICE_FAMILY = "1,2";
			};
			name = Debug;
		};
		5CDA23BD2845B13F00EDCF30 /* Release */ = {
			isa = XCBuildConfiguration;
			buildSettings = {
				ASSETCATALOG_COMPILER_APPICON_NAME = AppIcon;
				ASSETCATALOG_COMPILER_GLOBAL_ACCENT_COLOR_NAME = AccentColor;
				CODE_SIGN_STYLE = Automatic;
				CURRENT_PROJECT_VERSION = 1;
				DEVELOPMENT_TEAM = LA99DDR87G;
				ENABLE_PREVIEWS = YES;
				GENERATE_INFOPLIST_FILE = YES;
				INFOPLIST_KEY_UIApplicationSceneManifest_Generation = YES;
				INFOPLIST_KEY_UIApplicationSupportsIndirectInputEvents = YES;
				INFOPLIST_KEY_UILaunchScreen_Generation = YES;
				INFOPLIST_KEY_UISupportedInterfaceOrientations_iPad = "UIInterfaceOrientationPortrait UIInterfaceOrientationPortraitUpsideDown UIInterfaceOrientationLandscapeLeft UIInterfaceOrientationLandscapeRight";
				INFOPLIST_KEY_UISupportedInterfaceOrientations_iPhone = "UIInterfaceOrientationPortrait UIInterfaceOrientationLandscapeLeft UIInterfaceOrientationLandscapeRight";
				IPHONEOS_DEPLOYMENT_TARGET = 15.5;
				LD_RUNPATH_SEARCH_PATHS = (
					"$(inherited)",
					"@executable_path/Frameworks",
				);
				MARKETING_VERSION = 1.0;
				PRODUCT_BUNDLE_IDENTIFIER = nghiapham.sg.Pipeline;
				PRODUCT_NAME = Pipeline;
				SDKROOT = iphoneos;
				SWIFT_EMIT_LOC_STRINGS = YES;
				SWIFT_VERSION = 5.0;
				TARGETED_DEVICE_FAMILY = "1,2";
				VALIDATE_PRODUCT = YES;
			};
			name = Release;
		};
		5CDA23BF2845B13F00EDCF30 /* Debug */ = {
			isa = XCBuildConfiguration;
			buildSettings = {
				ASSETCATALOG_COMPILER_APPICON_NAME = AppIcon;
				ASSETCATALOG_COMPILER_GLOBAL_ACCENT_COLOR_NAME = AccentColor;
				CODE_SIGN_ENTITLEMENTS = macOS/macOS.entitlements;
				CODE_SIGN_STYLE = Automatic;
				COMBINE_HIDPI_IMAGES = YES;
				CURRENT_PROJECT_VERSION = 1;
				DEVELOPMENT_TEAM = LA99DDR87G;
				ENABLE_HARDENED_RUNTIME = YES;
				ENABLE_PREVIEWS = YES;
				GENERATE_INFOPLIST_FILE = YES;
				INFOPLIST_KEY_NSHumanReadableCopyright = "";
				LD_RUNPATH_SEARCH_PATHS = (
					"$(inherited)",
					"@executable_path/../Frameworks",
				);
				MACOSX_DEPLOYMENT_TARGET = 12.3;
				MARKETING_VERSION = 1.0;
				PRODUCT_BUNDLE_IDENTIFIER = nghiapham.sg.Pipeline;
				PRODUCT_NAME = Pipeline;
				SDKROOT = macosx;
				SWIFT_EMIT_LOC_STRINGS = YES;
				SWIFT_VERSION = 5.0;
			};
			name = Debug;
		};
		5CDA23C02845B13F00EDCF30 /* Release */ = {
			isa = XCBuildConfiguration;
			buildSettings = {
				ASSETCATALOG_COMPILER_APPICON_NAME = AppIcon;
				ASSETCATALOG_COMPILER_GLOBAL_ACCENT_COLOR_NAME = AccentColor;
				CODE_SIGN_ENTITLEMENTS = macOS/macOS.entitlements;
				CODE_SIGN_STYLE = Automatic;
				COMBINE_HIDPI_IMAGES = YES;
				CURRENT_PROJECT_VERSION = 1;
				DEVELOPMENT_TEAM = LA99DDR87G;
				ENABLE_HARDENED_RUNTIME = YES;
				ENABLE_PREVIEWS = YES;
				GENERATE_INFOPLIST_FILE = YES;
				INFOPLIST_KEY_NSHumanReadableCopyright = "";
				LD_RUNPATH_SEARCH_PATHS = (
					"$(inherited)",
					"@executable_path/../Frameworks",
				);
				MACOSX_DEPLOYMENT_TARGET = 12.3;
				MARKETING_VERSION = 1.0;
				PRODUCT_BUNDLE_IDENTIFIER = nghiapham.sg.Pipeline;
				PRODUCT_NAME = Pipeline;
				SDKROOT = macosx;
				SWIFT_EMIT_LOC_STRINGS = YES;
				SWIFT_VERSION = 5.0;
			};
			name = Release;
		};
/* End XCBuildConfiguration section */

/* Begin XCConfigurationList section */
		5CDA23A12845B13E00EDCF30 /* Build configuration list for PBXProject "Pipeline" */ = {
			isa = XCConfigurationList;
			buildConfigurations = (
				5CDA23B92845B13F00EDCF30 /* Debug */,
				5CDA23BA2845B13F00EDCF30 /* Release */,
			);
			defaultConfigurationIsVisible = 0;
			defaultConfigurationName = Release;
		};
		5CDA23BB2845B13F00EDCF30 /* Build configuration list for PBXNativeTarget "Pipeline (iOS)" */ = {
			isa = XCConfigurationList;
			buildConfigurations = (
				5CDA23BC2845B13F00EDCF30 /* Debug */,
				5CDA23BD2845B13F00EDCF30 /* Release */,
			);
			defaultConfigurationIsVisible = 0;
			defaultConfigurationName = Release;
		};
		5CDA23BE2845B13F00EDCF30 /* Build configuration list for PBXNativeTarget "Pipeline (macOS)" */ = {
			isa = XCConfigurationList;
			buildConfigurations = (
				5CDA23BF2845B13F00EDCF30 /* Debug */,
				5CDA23C02845B13F00EDCF30 /* Release */,
			);
			defaultConfigurationIsVisible = 0;
			defaultConfigurationName = Release;
		};
/* End XCConfigurationList section */
	};
	rootObject = 5CDA239E2845B13E00EDCF30 /* Project object */;
}
